
Microsoft Visual Studio Solution File, Format Version 12.00
# Visual Studio 15
VisualStudioVersion = 15.0.26730.16
MinimumVisualStudioVersion = 10.0.40219.1
Project("{FAE04EC0-301F-11D3-BF4B-00C04F79EFBC}") = "Sortings", "Sortings\Sortings.csproj", "{5C4CCD7A-0F0B-4F29-98C6-639C5623DD94}"
EndProject
Project("{FAE04EC0-301F-11D3-BF4B-00C04F79EFBC}") = "SortingsTest", "SortingsTest\SortingsTest.csproj", "{C975CC92-F654-47FD-8E1D-0003751CD250}"
EndProject
Global
	GlobalSection(SolutionConfigurationPlatforms) = preSolution
		Debug|Any CPU = Debug|Any CPU
		Release|Any CPU = Release|Any CPU
	EndGlobalSection
	GlobalSection(ProjectConfigurationPlatforms) = postSolution
		{5C4CCD7A-0F0B-4F29-98C6-639C5623DD94}.Debug|Any CPU.ActiveCfg = Debug|Any CPU
		{5C4CCD7A-0F0B-4F29-98C6-639C5623DD94}.Debug|Any CPU.Build.0 = Debug|Any CPU
		{5C4CCD7A-0F0B-4F29-98C6-639C5623DD94}.Release|Any CPU.ActiveCfg = Release|Any CPU
		{5C4CCD7A-0F0B-4F29-98C6-639C5623DD94}.Release|Any CPU.Build.0 = Release|Any CPU
		{C975CC92-F654-47FD-8E1D-0003751CD250}.Debug|Any CPU.ActiveCfg = Debug|Any CPU
		{C975CC92-F654-47FD-8E1D-0003751CD250}.Debug|Any CPU.Build.0 = Debug|Any CPU
		{C975CC92-F654-47FD-8E1D-0003751CD250}.Release|Any CPU.ActiveCfg = Release|Any CPU
		{C975CC92-F654-47FD-8E1D-0003751CD250}.Release|Any CPU.Build.0 = Release|Any CPU
	EndGlobalSection
	GlobalSection(SolutionProperties) = preSolution
		HideSolutionNode = FALSE
	EndGlobalSection
	GlobalSection(ExtensibilityGlobals) = postSolution
		SolutionGuid = {E1B5BFC5-5A49-4661-9F4A-F3E0DD83873E}
	EndGlobalSection
EndGlobal
